
Microsoft Visual Studio Solution File, Format Version 12.00
# Visual Studio 14
VisualStudioVersion = 14.0.25420.1
MinimumVisualStudioVersion = 10.0.40219.1
Project("{2150E333-8FDC-42A3-9474-1A3956D46DE8}") = "File", "File", "{9D7CC409-6EBD-4774-B9C9-DE3B7851F45B}"
EndProject
Project("{2150E333-8FDC-42A3-9474-1A3956D46DE8}") = "WebSolution", "WebSolution", "{2026BD30-A05B-462E-ACB8-232B9480D0A8}"
EndProject
Project("{2150E333-8FDC-42A3-9474-1A3956D46DE8}") = "WebAPISolution", "WebAPISolution", "{861D4E16-CEA3-4254-A472-574F39B3595D}"
EndProject
Project("{2150E333-8FDC-42A3-9474-1A3956D46DE8}") = "ORMSolution", "ORMSolution", "{73922625-EBA5-4DD2-957B-3D4711EC4966}"
EndProject
Project("{FAE04EC0-301F-11D3-BF4B-00C04F79EFBC}") = "ISoftSmart.API", "ISoftSmart.API\ISoftSmart.API.csproj", "{CE156266-D5D2-4C7A-B60B-D9F5337C039C}"
EndProject
Project("{FAE04EC0-301F-11D3-BF4B-00C04F79EFBC}") = "ISoftSmart.Web", "ISoftSmart.Web\ISoftSmart.Web.csproj", "{69384627-4074-43C6-8329-E54A3F830324}"
EndProject
Project("{2150E333-8FDC-42A3-9474-1A3956D46DE8}") = "Common", "Common", "{9E3597C5-7C8B-4701-BDB7-C2C6078E0E72}"
EndProject
Project("{FAE04EC0-301F-11D3-BF4B-00C04F79EFBC}") = "ISoftSmart.Model", "ISoftSmart.Model\ISoftSmart.Model.csproj", "{339A73A0-304F-48A8-A11B-13369BB00E44}"
EndProject
Project("{FAE04EC0-301F-11D3-BF4B-00C04F79EFBC}") = "ISoftSmart.Inteface", "ISoftSmart.Inteface\ISoftSmart.Inteface.csproj", "{19162915-95E6-4E14-A9C5-81B5E9C23245}"
EndProject
Project("{FAE04EC0-301F-11D3-BF4B-00C04F79EFBC}") = "ISoftSmart.Dapper", "ISoftSmart.Dapper\ISoftSmart.Dapper.csproj", "{C36DE424-0886-4128-8A3D-6B8B0650D980}"
EndProject
Project("{FAE04EC0-301F-11D3-BF4B-00C04F79EFBC}") = "ISoftSmart.Common", "ISoftSmart.Common\ISoftSmart.Common.csproj", "{9A3D869E-CEBF-4B92-B127-C807E62742A5}"
EndProject
Project("{FAE04EC0-301F-11D3-BF4B-00C04F79EFBC}") = "ISoftSmart.Redis", "ISoftSmart.Redis\ISoftSmart.Redis.csproj", "{5825D2F8-9BCC-4BEB-8E66-56855DA240D5}"
EndProject
Project("{FAE04EC0-301F-11D3-BF4B-00C04F79EFBC}") = "ISoftSmart.MQ", "ISoftSmart.MQ\ISoftSmart.MQ.csproj", "{D1AEF380-36B5-4E74-AD6A-2CA82F7D0A4C}"
EndProject
Project("{2150E333-8FDC-42A3-9474-1A3956D46DE8}") = "Core", "Core", "{4313B83B-0132-4ECB-B432-2354E9B1A0C2}"
EndProject
Project("{FAE04EC0-301F-11D3-BF4B-00C04F79EFBC}") = "ISoftSmart.Core", "ISoftSmart.Core\ISoftSmart.Core.csproj", "{4EB9F8CB-9E60-4B7A-8FB3-EE978E1357C2}"
EndProject
Global
	GlobalSection(SolutionConfigurationPlatforms) = preSolution
		Debug|Any CPU = Debug|Any CPU
		Release|Any CPU = Release|Any CPU
	EndGlobalSection
	GlobalSection(ProjectConfigurationPlatforms) = postSolution
		{CE156266-D5D2-4C7A-B60B-D9F5337C039C}.Debug|Any CPU.ActiveCfg = Debug|Any CPU
		{CE156266-D5D2-4C7A-B60B-D9F5337C039C}.Debug|Any CPU.Build.0 = Debug|Any CPU
		{CE156266-D5D2-4C7A-B60B-D9F5337C039C}.Release|Any CPU.ActiveCfg = Release|Any CPU
		{CE156266-D5D2-4C7A-B60B-D9F5337C039C}.Release|Any CPU.Build.0 = Release|Any CPU
		{69384627-4074-43C6-8329-E54A3F830324}.Debug|Any CPU.ActiveCfg = Debug|Any CPU
		{69384627-4074-43C6-8329-E54A3F830324}.Debug|Any CPU.Build.0 = Debug|Any CPU
		{69384627-4074-43C6-8329-E54A3F830324}.Release|Any CPU.ActiveCfg = Release|Any CPU
		{69384627-4074-43C6-8329-E54A3F830324}.Release|Any CPU.Build.0 = Release|Any CPU
		{339A73A0-304F-48A8-A11B-13369BB00E44}.Debug|Any CPU.ActiveCfg = Debug|Any CPU
		{339A73A0-304F-48A8-A11B-13369BB00E44}.Debug|Any CPU.Build.0 = Debug|Any CPU
		{339A73A0-304F-48A8-A11B-13369BB00E44}.Release|Any CPU.ActiveCfg = Release|Any CPU
		{339A73A0-304F-48A8-A11B-13369BB00E44}.Release|Any CPU.Build.0 = Release|Any CPU
		{19162915-95E6-4E14-A9C5-81B5E9C23245}.Debug|Any CPU.ActiveCfg = Debug|Any CPU
		{19162915-95E6-4E14-A9C5-81B5E9C23245}.Debug|Any CPU.Build.0 = Debug|Any CPU
		{19162915-95E6-4E14-A9C5-81B5E9C23245}.Release|Any CPU.ActiveCfg = Release|Any CPU
		{19162915-95E6-4E14-A9C5-81B5E9C23245}.Release|Any CPU.Build.0 = Release|Any CPU
		{C36DE424-0886-4128-8A3D-6B8B0650D980}.Debug|Any CPU.ActiveCfg = Debug|Any CPU
		{C36DE424-0886-4128-8A3D-6B8B0650D980}.Debug|Any CPU.Build.0 = Debug|Any CPU
		{C36DE424-0886-4128-8A3D-6B8B0650D980}.Release|Any CPU.ActiveCfg = Release|Any CPU
		{C36DE424-0886-4128-8A3D-6B8B0650D980}.Release|Any CPU.Build.0 = Release|Any CPU
		{9A3D869E-CEBF-4B92-B127-C807E62742A5}.Debug|Any CPU.ActiveCfg = Debug|Any CPU
		{9A3D869E-CEBF-4B92-B127-C807E62742A5}.Debug|Any CPU.Build.0 = Debug|Any CPU
		{9A3D869E-CEBF-4B92-B127-C807E62742A5}.Release|Any CPU.ActiveCfg = Release|Any CPU
		{9A3D869E-CEBF-4B92-B127-C807E62742A5}.Release|Any CPU.Build.0 = Release|Any CPU
		{5825D2F8-9BCC-4BEB-8E66-56855DA240D5}.Debug|Any CPU.ActiveCfg = Debug|Any CPU
		{5825D2F8-9BCC-4BEB-8E66-56855DA240D5}.Debug|Any CPU.Build.0 = Debug|Any CPU
		{5825D2F8-9BCC-4BEB-8E66-56855DA240D5}.Release|Any CPU.ActiveCfg = Release|Any CPU
		{5825D2F8-9BCC-4BEB-8E66-56855DA240D5}.Release|Any CPU.Build.0 = Release|Any CPU
		{D1AEF380-36B5-4E74-AD6A-2CA82F7D0A4C}.Debug|Any CPU.ActiveCfg = Debug|Any CPU
		{D1AEF380-36B5-4E74-AD6A-2CA82F7D0A4C}.Debug|Any CPU.Build.0 = Debug|Any CPU
		{D1AEF380-36B5-4E74-AD6A-2CA82F7D0A4C}.Release|Any CPU.ActiveCfg = Release|Any CPU
		{D1AEF380-36B5-4E74-AD6A-2CA82F7D0A4C}.Release|Any CPU.Build.0 = Release|Any CPU
		{4EB9F8CB-9E60-4B7A-8FB3-EE978E1357C2}.Debug|Any CPU.ActiveCfg = Debug|Any CPU
		{4EB9F8CB-9E60-4B7A-8FB3-EE978E1357C2}.Debug|Any CPU.Build.0 = Debug|Any CPU
		{4EB9F8CB-9E60-4B7A-8FB3-EE978E1357C2}.Release|Any CPU.ActiveCfg = Release|Any CPU
		{4EB9F8CB-9E60-4B7A-8FB3-EE978E1357C2}.Release|Any CPU.Build.0 = Release|Any CPU
	EndGlobalSection
	GlobalSection(SolutionProperties) = preSolution
		HideSolutionNode = FALSE
	EndGlobalSection
	GlobalSection(NestedProjects) = preSolution
		{CE156266-D5D2-4C7A-B60B-D9F5337C039C} = {861D4E16-CEA3-4254-A472-574F39B3595D}
		{69384627-4074-43C6-8329-E54A3F830324} = {2026BD30-A05B-462E-ACB8-232B9480D0A8}
		{339A73A0-304F-48A8-A11B-13369BB00E44} = {73922625-EBA5-4DD2-957B-3D4711EC4966}
		{19162915-95E6-4E14-A9C5-81B5E9C23245} = {73922625-EBA5-4DD2-957B-3D4711EC4966}
		{C36DE424-0886-4128-8A3D-6B8B0650D980} = {73922625-EBA5-4DD2-957B-3D4711EC4966}
		{9A3D869E-CEBF-4B92-B127-C807E62742A5} = {9E3597C5-7C8B-4701-BDB7-C2C6078E0E72}
		{5825D2F8-9BCC-4BEB-8E66-56855DA240D5} = {9E3597C5-7C8B-4701-BDB7-C2C6078E0E72}
		{D1AEF380-36B5-4E74-AD6A-2CA82F7D0A4C} = {9E3597C5-7C8B-4701-BDB7-C2C6078E0E72}
		{4EB9F8CB-9E60-4B7A-8FB3-EE978E1357C2} = {4313B83B-0132-4ECB-B432-2354E9B1A0C2}
	EndGlobalSection
EndGlobal
